
Microsoft Visual Studio Solution File, Format Version 12.00
# Visual Studio Version 17
VisualStudioVersion = 17.7.34031.279
MinimumVisualStudioVersion = 10.0.40219.1
Project("{FAE04EC0-301F-11D3-BF4B-00C04F79EFBC}") = "cs-crash-course", "cs-crash-course\cs-crash-course.csproj", "{C90B49C7-C67E-41E4-86C1-A0F82922E01A}"
EndProject
Global
	GlobalSection(SolutionConfigurationPlatforms) = preSolution
		Debug|Any CPU = Debug|Any CPU
		Release|Any CPU = Release|Any CPU
	EndGlobalSection
	GlobalSection(ProjectConfigurationPlatforms) = postSolution
		{C90B49C7-C67E-41E4-86C1-A0F82922E01A}.Debug|Any CPU.ActiveCfg = Debug|Any CPU
		{C90B49C7-C67E-41E4-86C1-A0F82922E01A}.Debug|Any CPU.Build.0 = Debug|Any CPU
		{C90B49C7-C67E-41E4-86C1-A0F82922E01A}.Release|Any CPU.ActiveCfg = Release|Any CPU
		{C90B49C7-C67E-41E4-86C1-A0F82922E01A}.Release|Any CPU.Build.0 = Release|Any CPU
	EndGlobalSection
	GlobalSection(SolutionProperties) = preSolution
		HideSolutionNode = FALSE
	EndGlobalSection
	GlobalSection(ExtensibilityGlobals) = postSolution
		SolutionGuid = {071E53C1-20C0-46E7-849E-A08964AC96D3}
	EndGlobalSection
EndGlobal
